
Microsoft Visual Studio Solution File, Format Version 12.00
# Visual Studio Version 17
VisualStudioVersion = 17.2.32505.173
MinimumVisualStudioVersion = 10.0.40219.1
Project("{FAE04EC0-301F-11D3-BF4B-00C04F79EFBC}") = "Music APi", "Music APi\Music APi.csproj", "{C873133F-F6E1-4ACB-BC5F-878A5017633F}"
EndProject
Global
	GlobalSection(SolutionConfigurationPlatforms) = preSolution
		Debug|Any CPU = Debug|Any CPU
		Release|Any CPU = Release|Any CPU
	EndGlobalSection
	GlobalSection(ProjectConfigurationPlatforms) = postSolution
		{C873133F-F6E1-4ACB-BC5F-878A5017633F}.Debug|Any CPU.ActiveCfg = Debug|Any CPU
		{C873133F-F6E1-4ACB-BC5F-878A5017633F}.Debug|Any CPU.Build.0 = Debug|Any CPU
		{C873133F-F6E1-4ACB-BC5F-878A5017633F}.Release|Any CPU.ActiveCfg = Release|Any CPU
		{C873133F-F6E1-4ACB-BC5F-878A5017633F}.Release|Any CPU.Build.0 = Release|Any CPU
	EndGlobalSection
	GlobalSection(SolutionProperties) = preSolution
		HideSolutionNode = FALSE
	EndGlobalSection
	GlobalSection(ExtensibilityGlobals) = postSolution
		SolutionGuid = {CCF0C95C-100D-4CC7-8052-853DFB66B304}
	EndGlobalSection
EndGlobal
